
Microsoft Visual Studio Solution File, Format Version 12.00
# Visual Studio 15
VisualStudioVersion = 15.0.26124.0
MinimumVisualStudioVersion = 15.0.26124.0
Project("{2150E333-8FDC-42A3-9474-1A3956D46DE8}") = "src", "src", "{54CFAFC7-1A31-40F8-B1D5-DE760A312F5B}"
EndProject
Project("{2150E333-8FDC-42A3-9474-1A3956D46DE8}") = "Services", "Services", "{7430B554-3C07-47F3-AF28-B34D6D44F6BD}"
EndProject
Project("{2150E333-8FDC-42A3-9474-1A3956D46DE8}") = "Catalog", "Catalog", "{73196A8D-37FF-45B2-A50A-AE9814F9E734}"
EndProject
Project("{FAE04EC0-301F-11D3-BF4B-00C04F79EFBC}") = "Catalog.API", "src\Services\Catalog\Catalog.API\Catalog.API.csproj", "{F47EAE8F-C821-49BF-91AC-32D4DCB5311D}"
EndProject
Project("{E53339B2-1760-4266-BCC7-CA923CBCF16C}") = "docker-compose", "docker-compose.dcproj", "{D153E014-8931-4B4E-9AA0-72B60B85B38E}"
EndProject
Project("{2150E333-8FDC-42A3-9474-1A3956D46DE8}") = "Basket", "Basket", "{5075AE46-E081-42DB-B91F-0CA82C29D3E1}"
EndProject
Project("{FAE04EC0-301F-11D3-BF4B-00C04F79EFBC}") = "Basket.API", "src\Services\Basket\Basket.API\Basket.API.csproj", "{7EAE7055-5D71-4BBF-8C78-DA9F6935F698}"
EndProject
Project("{2150E333-8FDC-42A3-9474-1A3956D46DE8}") = "Discount", "Discount", "{1A59CF9C-8CD6-487D-9CE1-DD446AB91E0A}"
EndProject
Project("{FAE04EC0-301F-11D3-BF4B-00C04F79EFBC}") = "Discount.API", "src\Services\Discount\Discount.API\Discount.API.csproj", "{873EA5CE-7100-4754-A0F7-AC816B849FF7}"
EndProject
Project("{FAE04EC0-301F-11D3-BF4B-00C04F79EFBC}") = "Discount.grpc", "src\Services\Discount\Discount.Grpc\Discount.grpc.csproj", "{CF335A18-9429-4C01-82C3-57C60587E807}"
EndProject
Project("{2150E333-8FDC-42A3-9474-1A3956D46DE8}") = "Ordering", "Ordering", "{358D72C3-F14D-4B58-8329-AE90DE24C859}"
EndProject
Project("{FAE04EC0-301F-11D3-BF4B-00C04F79EFBC}") = "Ordering.API", "src\Services\Ordering\Ordering.API\Ordering.API.csproj", "{B9DAD602-B321-4EBA-98F3-096313F73956}"
EndProject
Global
	GlobalSection(SolutionConfigurationPlatforms) = preSolution
		Debug|Any CPU = Debug|Any CPU
		Debug|x64 = Debug|x64
		Debug|x86 = Debug|x86
		Release|Any CPU = Release|Any CPU
		Release|x64 = Release|x64
		Release|x86 = Release|x86
	EndGlobalSection
	GlobalSection(SolutionProperties) = preSolution
		HideSolutionNode = FALSE
	EndGlobalSection
	GlobalSection(ProjectConfigurationPlatforms) = postSolution
		{F47EAE8F-C821-49BF-91AC-32D4DCB5311D}.Debug|Any CPU.ActiveCfg = Debug|Any CPU
		{F47EAE8F-C821-49BF-91AC-32D4DCB5311D}.Debug|Any CPU.Build.0 = Debug|Any CPU
		{F47EAE8F-C821-49BF-91AC-32D4DCB5311D}.Debug|x64.ActiveCfg = Debug|Any CPU
		{F47EAE8F-C821-49BF-91AC-32D4DCB5311D}.Debug|x64.Build.0 = Debug|Any CPU
		{F47EAE8F-C821-49BF-91AC-32D4DCB5311D}.Debug|x86.ActiveCfg = Debug|Any CPU
		{F47EAE8F-C821-49BF-91AC-32D4DCB5311D}.Debug|x86.Build.0 = Debug|Any CPU
		{F47EAE8F-C821-49BF-91AC-32D4DCB5311D}.Release|Any CPU.ActiveCfg = Release|Any CPU
		{F47EAE8F-C821-49BF-91AC-32D4DCB5311D}.Release|Any CPU.Build.0 = Release|Any CPU
		{F47EAE8F-C821-49BF-91AC-32D4DCB5311D}.Release|x64.ActiveCfg = Release|Any CPU
		{F47EAE8F-C821-49BF-91AC-32D4DCB5311D}.Release|x64.Build.0 = Release|Any CPU
		{F47EAE8F-C821-49BF-91AC-32D4DCB5311D}.Release|x86.ActiveCfg = Release|Any CPU
		{F47EAE8F-C821-49BF-91AC-32D4DCB5311D}.Release|x86.Build.0 = Release|Any CPU
		{D153E014-8931-4B4E-9AA0-72B60B85B38E}.Debug|Any CPU.ActiveCfg = Debug|Any CPU
		{D153E014-8931-4B4E-9AA0-72B60B85B38E}.Debug|Any CPU.Build.0 = Debug|Any CPU
		{D153E014-8931-4B4E-9AA0-72B60B85B38E}.Debug|x64.ActiveCfg = Debug|Any CPU
		{D153E014-8931-4B4E-9AA0-72B60B85B38E}.Debug|x64.Build.0 = Debug|Any CPU
		{D153E014-8931-4B4E-9AA0-72B60B85B38E}.Debug|x86.ActiveCfg = Debug|Any CPU
		{D153E014-8931-4B4E-9AA0-72B60B85B38E}.Debug|x86.Build.0 = Debug|Any CPU
		{D153E014-8931-4B4E-9AA0-72B60B85B38E}.Release|Any CPU.ActiveCfg = Release|Any CPU
		{D153E014-8931-4B4E-9AA0-72B60B85B38E}.Release|Any CPU.Build.0 = Release|Any CPU
		{D153E014-8931-4B4E-9AA0-72B60B85B38E}.Release|x64.ActiveCfg = Release|Any CPU
		{D153E014-8931-4B4E-9AA0-72B60B85B38E}.Release|x64.Build.0 = Release|Any CPU
		{D153E014-8931-4B4E-9AA0-72B60B85B38E}.Release|x86.ActiveCfg = Release|Any CPU
		{D153E014-8931-4B4E-9AA0-72B60B85B38E}.Release|x86.Build.0 = Release|Any CPU
		{7EAE7055-5D71-4BBF-8C78-DA9F6935F698}.Debug|Any CPU.ActiveCfg = Debug|Any CPU
		{7EAE7055-5D71-4BBF-8C78-DA9F6935F698}.Debug|Any CPU.Build.0 = Debug|Any CPU
		{7EAE7055-5D71-4BBF-8C78-DA9F6935F698}.Debug|x64.ActiveCfg = Debug|Any CPU
		{7EAE7055-5D71-4BBF-8C78-DA9F6935F698}.Debug|x64.Build.0 = Debug|Any CPU
		{7EAE7055-5D71-4BBF-8C78-DA9F6935F698}.Debug|x86.ActiveCfg = Debug|Any CPU
		{7EAE7055-5D71-4BBF-8C78-DA9F6935F698}.Debug|x86.Build.0 = Debug|Any CPU
		{7EAE7055-5D71-4BBF-8C78-DA9F6935F698}.Release|Any CPU.ActiveCfg = Release|Any CPU
		{7EAE7055-5D71-4BBF-8C78-DA9F6935F698}.Release|Any CPU.Build.0 = Release|Any CPU
		{7EAE7055-5D71-4BBF-8C78-DA9F6935F698}.Release|x64.ActiveCfg = Release|Any CPU
		{7EAE7055-5D71-4BBF-8C78-DA9F6935F698}.Release|x64.Build.0 = Release|Any CPU
		{7EAE7055-5D71-4BBF-8C78-DA9F6935F698}.Release|x86.ActiveCfg = Release|Any CPU
		{7EAE7055-5D71-4BBF-8C78-DA9F6935F698}.Release|x86.Build.0 = Release|Any CPU
		{873EA5CE-7100-4754-A0F7-AC816B849FF7}.Debug|Any CPU.ActiveCfg = Debug|Any CPU
		{873EA5CE-7100-4754-A0F7-AC816B849FF7}.Debug|Any CPU.Build.0 = Debug|Any CPU
		{873EA5CE-7100-4754-A0F7-AC816B849FF7}.Debug|x64.ActiveCfg = Debug|Any CPU
		{873EA5CE-7100-4754-A0F7-AC816B849FF7}.Debug|x64.Build.0 = Debug|Any CPU
		{873EA5CE-7100-4754-A0F7-AC816B849FF7}.Debug|x86.ActiveCfg = Debug|Any CPU
		{873EA5CE-7100-4754-A0F7-AC816B849FF7}.Debug|x86.Build.0 = Debug|Any CPU
		{873EA5CE-7100-4754-A0F7-AC816B849FF7}.Release|Any CPU.ActiveCfg = Release|Any CPU
		{873EA5CE-7100-4754-A0F7-AC816B849FF7}.Release|Any CPU.Build.0 = Release|Any CPU
		{873EA5CE-7100-4754-A0F7-AC816B849FF7}.Release|x64.ActiveCfg = Release|Any CPU
		{873EA5CE-7100-4754-A0F7-AC816B849FF7}.Release|x64.Build.0 = Release|Any CPU
		{873EA5CE-7100-4754-A0F7-AC816B849FF7}.Release|x86.ActiveCfg = Release|Any CPU
		{873EA5CE-7100-4754-A0F7-AC816B849FF7}.Release|x86.Build.0 = Release|Any CPU
		{CF335A18-9429-4C01-82C3-57C60587E807}.Debug|Any CPU.ActiveCfg = Debug|Any CPU
		{CF335A18-9429-4C01-82C3-57C60587E807}.Debug|Any CPU.Build.0 = Debug|Any CPU
		{CF335A18-9429-4C01-82C3-57C60587E807}.Debug|x64.ActiveCfg = Debug|Any CPU
		{CF335A18-9429-4C01-82C3-57C60587E807}.Debug|x64.Build.0 = Debug|Any CPU
		{CF335A18-9429-4C01-82C3-57C60587E807}.Debug|x86.ActiveCfg = Debug|Any CPU
		{CF335A18-9429-4C01-82C3-57C60587E807}.Debug|x86.Build.0 = Debug|Any CPU
		{CF335A18-9429-4C01-82C3-57C60587E807}.Release|Any CPU.ActiveCfg = Release|Any CPU
		{CF335A18-9429-4C01-82C3-57C60587E807}.Release|Any CPU.Build.0 = Release|Any CPU
		{CF335A18-9429-4C01-82C3-57C60587E807}.Release|x64.ActiveCfg = Release|Any CPU
		{CF335A18-9429-4C01-82C3-57C60587E807}.Release|x64.Build.0 = Release|Any CPU
		{CF335A18-9429-4C01-82C3-57C60587E807}.Release|x86.ActiveCfg = Release|Any CPU
		{CF335A18-9429-4C01-82C3-57C60587E807}.Release|x86.Build.0 = Release|Any CPU
		{B9DAD602-B321-4EBA-98F3-096313F73956}.Debug|Any CPU.ActiveCfg = Debug|Any CPU
		{B9DAD602-B321-4EBA-98F3-096313F73956}.Debug|Any CPU.Build.0 = Debug|Any CPU
		{B9DAD602-B321-4EBA-98F3-096313F73956}.Debug|x64.ActiveCfg = Debug|Any CPU
		{B9DAD602-B321-4EBA-98F3-096313F73956}.Debug|x64.Build.0 = Debug|Any CPU
		{B9DAD602-B321-4EBA-98F3-096313F73956}.Debug|x86.ActiveCfg = Debug|Any CPU
		{B9DAD602-B321-4EBA-98F3-096313F73956}.Debug|x86.Build.0 = Debug|Any CPU
		{B9DAD602-B321-4EBA-98F3-096313F73956}.Release|Any CPU.ActiveCfg = Release|Any CPU
		{B9DAD602-B321-4EBA-98F3-096313F73956}.Release|Any CPU.Build.0 = Release|Any CPU
		{B9DAD602-B321-4EBA-98F3-096313F73956}.Release|x64.ActiveCfg = Release|Any CPU
		{B9DAD602-B321-4EBA-98F3-096313F73956}.Release|x64.Build.0 = Release|Any CPU
		{B9DAD602-B321-4EBA-98F3-096313F73956}.Release|x86.ActiveCfg = Release|Any CPU
		{B9DAD602-B321-4EBA-98F3-096313F73956}.Release|x86.Build.0 = Release|Any CPU
	EndGlobalSection
	GlobalSection(NestedProjects) = preSolution
		{7430B554-3C07-47F3-AF28-B34D6D44F6BD} = {54CFAFC7-1A31-40F8-B1D5-DE760A312F5B}
		{73196A8D-37FF-45B2-A50A-AE9814F9E734} = {7430B554-3C07-47F3-AF28-B34D6D44F6BD}
		{F47EAE8F-C821-49BF-91AC-32D4DCB5311D} = {73196A8D-37FF-45B2-A50A-AE9814F9E734}
		{5075AE46-E081-42DB-B91F-0CA82C29D3E1} = {7430B554-3C07-47F3-AF28-B34D6D44F6BD}
		{7EAE7055-5D71-4BBF-8C78-DA9F6935F698} = {5075AE46-E081-42DB-B91F-0CA82C29D3E1}
		{1A59CF9C-8CD6-487D-9CE1-DD446AB91E0A} = {7430B554-3C07-47F3-AF28-B34D6D44F6BD}
		{873EA5CE-7100-4754-A0F7-AC816B849FF7} = {1A59CF9C-8CD6-487D-9CE1-DD446AB91E0A}
		{CF335A18-9429-4C01-82C3-57C60587E807} = {1A59CF9C-8CD6-487D-9CE1-DD446AB91E0A}
		{358D72C3-F14D-4B58-8329-AE90DE24C859} = {7430B554-3C07-47F3-AF28-B34D6D44F6BD}
		{B9DAD602-B321-4EBA-98F3-096313F73956} = {358D72C3-F14D-4B58-8329-AE90DE24C859}
	EndGlobalSection
EndGlobal
